<?xml version="1.0" encoding="utf-8"?>
<Project ToolsVersion="4.0" xmlns="http://schemas.microsoft.com/developer/msbuild/2003">
  <ItemGroup>
    <Filter Include="Source Files">
      <UniqueIdentifier>{4FC737F1-C7A5-4376-A066-2A32D752A2FF}</UniqueIdentifier>
      <Extensions>cpp;c;cc;cxx;def;odl;idl;hpj;bat;asm;asmx</Extensions>
    </Filter>
    <Filter Include="Header Files">
      <UniqueIdentifier>{93995380-89BD-4b04-88EB-625FBE52EBFB}</UniqueIdentifier>
      <Extensions>h;hpp;hxx;hm;inl;inc;xsd</Extensions>
    </Filter>
    <Filter Include="Resource Files">
      <UniqueIdentifier>{67DA6AB6-F800-4c08-8B7A-83BB121AAD01}</UniqueIdentifier>
      <Extensions>rc;ico;cur;bmp;dlg;rc2;rct;bin;rgs;gif;jpg;jpeg;jpe;resx;tiff;tif;png;wav;mfcribbon-ms</Extensions>
    </Filter>
  </ItemGroup>
  <ItemGroup>
    <ClCompile Include="Main.cpp">
      <Filter>Source Files</Filter>
    </ClCompile>
    <ClCompile Include="flFx.cpp">
      <Filter>Source Files</Filter>
    </ClCompile>
    <ClCompile Include="flFxExt.cpp">
      <Filter>Source Files</Filter>
    </ClCompile>
    <ClCompile Include="flFxParser.cpp">
      <Filter>Source Files</Filter>
    </ClCompile>
    <ClCompile Include="pugixml\pugixml.cpp">
      <Filter>Source Files</Filter>
    </ClCompile>
    <ClCompile Include="flFxGL.cpp">
      <Filter>Source Files</Filter>
    </ClCompile>
    <ClCompile Include="GLenum.cpp">
      <Filter>Source Files</Filter>
    </ClCompile>
    <ClCompile Include="flFxParserGL.cpp">
      <Filter>Source Files</Filter>
    </ClCompile>
    <ClCompile Include="StatesGL.cpp">
      <Filter>Source Files</Filter>
    </ClCompile>
    <ClCompile Include="LoadShaders.cpp">
      <Filter>Source Files</Filter>
    </ClCompile>
    <ClCompile Include="texture.cpp">
      <Filter>Source Files</Filter>
    </ClCompile>
  </ItemGroup>
  <ItemGroup>
    <ClInclude Include="flFx.h">
      <Filter>Header Files</Filter>
    </ClInclude>
    <ClInclude Include="flFxConfig.h">
      <Filter>Header Files</Filter>
    </ClInclude>
    <ClInclude Include="flFxExt.h">
      <Filter>Header Files</Filter>
    </ClInclude>
    <ClInclude Include="flFxParser.h">
      <Filter>Header Files</Filter>
    </ClInclude>
    <ClInclude Include="pugixml\pugiconfig.hpp">
      <Filter>Header Files</Filter>
    </ClInclude>
    <ClInclude Include="pugixml\pugixml.hpp">
      <Filter>Header Files</Filter>
    </ClInclude>
    <ClInclude Include="fastdelegate\FastDelegate.h">
      <Filter>Header Files</Filter>
    </ClInclude>
    <ClInclude Include="fastdelegate\FastDelegateBind.h">
      <Filter>Header Files</Filter>
    </ClInclude>
    <ClInclude Include="flFxGL.h">
      <Filter>Header Files</Filter>
    </ClInclude>
    <ClInclude Include="GL.h">
      <Filter>Header Files</Filter>
    </ClInclude>
    <ClInclude Include="GLenum.h">
      <Filter>Header Files</Filter>
    </ClInclude>
    <ClInclude Include="flFxParserGL.h">
      <Filter>Header Files</Filter>
    </ClInclude>
    <ClInclude Include="StatesGL.h">
      <Filter>Header Files</Filter>
    </ClInclude>
    <ClInclude Include="texture.h">
      <Filter>Header Files</Filter>
    </ClInclude>
    <ClInclude Include="LoadShaders.h">
      <Filter>Header Files</Filter>
    </ClInclude>
  </ItemGroup>
  <ItemGroup>
    <Xml Include="effect.xml">
      <Filter>Resource Files</Filter>
    </Xml>
  </ItemGroup>
</Project>